{
  "nodes": {
    "agenix": {
      "inputs": {
        "nixpkgs": [
          "nixpkgs"
        ]
      },
      "locked": {
        "lastModified": 1665870395,
        "narHash": "sha256-Tsbqb27LDNxOoPLh0gw2hIb6L/6Ow/6lIBvqcHzEKBI=",
        "owner": "ryantm",
        "repo": "agenix",
        "rev": "a630400067c6d03c9b3e0455347dc8559db14288",
        "type": "github"
      },
      "original": {
        "owner": "ryantm",
        "repo": "agenix",
        "type": "github"
      }
    },
    "darwin": {
      "inputs": {
        "nixpkgs": [
          "nixpkgs"
        ]
      },
      "locked": {
        "lastModified": 1668784520,
        "narHash": "sha256-gGgVAMwYPPmrfnvnoRi6OkEB5KRsNTb9uYzEceLdO/g=",
        "owner": "lnl7",
        "repo": "nix-darwin",
        "rev": "6349b99bc2b96ded34d068a88c7c5ced406b7f7f",
        "type": "github"
      },
      "original": {
        "owner": "lnl7",
        "ref": "master",
        "repo": "nix-darwin",
        "type": "github"
      }
    },
    "hardware": {
      "locked": {
        "lastModified": 1670959777,
        "narHash": "sha256-9nQJWL7S77YZERxairPLFO6TUuF1RgQmdZO6dKRCHz4=",
        "owner": "nixos",
        "repo": "nixos-hardware",
        "rev": "0fbf27af51a7c9bc68a168fdcd63513c4f100b15",
        "type": "github"
      },
      "original": {
        "owner": "nixos",
        "repo": "nixos-hardware",
        "type": "github"
      }
    },
    "home-manager": {
      "inputs": {
        "nixpkgs": [
          "nixpkgs"
        ],
        "utils": "utils"
      },
      "locked": {
        "lastModified": 1670965822,
        "narHash": "sha256-pv0E5wk3ONLDWkSViXYNwJDmAJPSoCgdB94YMp3xAUk=",
        "owner": "nix-community",
        "repo": "home-manager",
        "rev": "263f6e4523168c770e21eee02def21d493c0f4b6",
        "type": "github"
      },
      "original": {
        "owner": "nix-community",
        "repo": "home-manager",
        "type": "github"
      }
    },
    "homeage": {
      "inputs": {
        "nixpkgs": [
          "nixpkgs"
        ]
      },
      "locked": {
        "lastModified": 1669234151,
        "narHash": "sha256-TwT87E3m2TZLgwYJESlype14HxUOrRGojPM5C2akrMg=",
        "owner": "jordanisaacs",
        "repo": "homeage",
        "rev": "02bfe4ca06962d222e522fff0240c93946b20278",
        "type": "github"
      },
      "original": {
        "owner": "jordanisaacs",
        "repo": "homeage",
        "type": "github"
      }
    },
    "impermanence": {
      "locked": {
        "lastModified": 1668668915,
        "narHash": "sha256-QjY4ZZbs9shwO4LaLpvlU2bO9J1juYhO9NtV3nrbnYQ=",
        "owner": "nix-community",
        "repo": "impermanence",
        "rev": "5df9108b346f8a42021bf99e50de89c9caa251c3",
        "type": "github"
      },
      "original": {
        "owner": "nix-community",
        "repo": "impermanence",
        "type": "github"
      }
    },
    "nixpkgs": {
      "locked": {
        "lastModified": 1670772952,
        "narHash": "sha256-b7V3cGtMNcQ5c6hwRqqX+eIuNUj+O3orsb64BKPR9yc=",
        "owner": "nixos",
        "repo": "nixpkgs",
        "rev": "dfef2e61107dc19c211ead99a5a61374ad8317f4",
        "type": "github"
      },
      "original": {
        "owner": "nixos",
        "ref": "nixos-22.11",
        "repo": "nixpkgs",
        "type": "github"
      }
    },
    "nur": {
      "locked": {
        "lastModified": 1670905794,
        "narHash": "sha256-wpg/ZYga8aDmUogB8YRK8KLiUsOLw0cnhJtaKutvKEk=",
        "owner": "nix-community",
        "repo": "NUR",
        "rev": "a0869f532570fb0bbff84a158299c40c4af3fadd",
        "type": "github"
      },
      "original": {
        "owner": "nix-community",
        "repo": "NUR",
        "type": "github"
      }
    },
    "root": {
      "inputs": {
        "agenix": "agenix",
        "darwin": "darwin",
        "hardware": "hardware",
        "home-manager": "home-manager",
        "homeage": "homeage",
        "impermanence": "impermanence",
        "nixpkgs": "nixpkgs",
        "nur": "nur",
        "unstable": "unstable"
      }
    },
    "unstable": {
      "locked": {
        "lastModified": 1670857275,
        "narHash": "sha256-dUA+BywwnOdoZ8wiU6pHh0cXpzbxUDRGbqtvN8QQqJM=",
        "owner": "nixos",
        "repo": "nixpkgs",
        "rev": "01c02c84d3f1536c695a2ec3ddb66b8a21be152b",
        "type": "github"
      },
      "original": {
        "owner": "nixos",
        "ref": "nixpkgs-unstable",
        "repo": "nixpkgs",
        "type": "github"
      }
    },
    "utils": {
      "locked": {
        "lastModified": 1667395993,
        "narHash": "sha256-nuEHfE/LcWyuSWnS8t12N1wc105Qtau+/OdUAjtQ0rA=",
        "owner": "numtide",
        "repo": "flake-utils",
        "rev": "5aed5285a952e0b949eb3ba02c12fa4fcfef535f",
        "type": "github"
      },
      "original": {
        "owner": "numtide",
        "repo": "flake-utils",
        "type": "github"
      }
    }
  },
  "root": "root",
  "version": 7
}
